
Microsoft Visual Studio Solution File, Format Version 12.00
# Visual Studio Version 16
VisualStudioVersion = 16.0.31624.102
MinimumVisualStudioVersion = 10.0.40219.1
Project("{FAE04EC0-301F-11D3-BF4B-00C04F79EFBC}") = "CodeFirstExample", "CodeFirstExample\CodeFirstExample.csproj", "{F5384CC2-DFB4-47BB-8DB3-95E8F02616DC}"
EndProject
Global
	GlobalSection(SolutionConfigurationPlatforms) = preSolution
		Debug|Any CPU = Debug|Any CPU
		Release|Any CPU = Release|Any CPU
	EndGlobalSection
	GlobalSection(ProjectConfigurationPlatforms) = postSolution
		{F5384CC2-DFB4-47BB-8DB3-95E8F02616DC}.Debug|Any CPU.ActiveCfg = Debug|Any CPU
		{F5384CC2-DFB4-47BB-8DB3-95E8F02616DC}.Debug|Any CPU.Build.0 = Debug|Any CPU
		{F5384CC2-DFB4-47BB-8DB3-95E8F02616DC}.Release|Any CPU.ActiveCfg = Release|Any CPU
		{F5384CC2-DFB4-47BB-8DB3-95E8F02616DC}.Release|Any CPU.Build.0 = Release|Any CPU
	EndGlobalSection
	GlobalSection(SolutionProperties) = preSolution
		HideSolutionNode = FALSE
	EndGlobalSection
	GlobalSection(ExtensibilityGlobals) = postSolution
		SolutionGuid = {9D6EE904-3726-4192-B918-A18351878AB4}
	EndGlobalSection
EndGlobal
